
Microsoft Visual Studio Solution File, Format Version 12.00
Project("{FAE04EC0-301F-11D3-BF4B-00C04F79EFBC}") = "VisualRiders.PointOfSale.Project", "VisualRiders.PointOfSale.Project\VisualRiders.PointOfSale.Project.csproj", "{668D6D4D-CA24-4CF8-B51A-785AFEA3F601}"
EndProject
Global
	GlobalSection(SolutionConfigurationPlatforms) = preSolution
		Debug|Any CPU = Debug|Any CPU
		Release|Any CPU = Release|Any CPU
	EndGlobalSection
	GlobalSection(ProjectConfigurationPlatforms) = postSolution
		{668D6D4D-CA24-4CF8-B51A-785AFEA3F601}.Debug|Any CPU.ActiveCfg = Debug|Any CPU
		{668D6D4D-CA24-4CF8-B51A-785AFEA3F601}.Debug|Any CPU.Build.0 = Debug|Any CPU
		{668D6D4D-CA24-4CF8-B51A-785AFEA3F601}.Release|Any CPU.ActiveCfg = Release|Any CPU
		{668D6D4D-CA24-4CF8-B51A-785AFEA3F601}.Release|Any CPU.Build.0 = Release|Any CPU
	EndGlobalSection
EndGlobal
